
Microsoft Visual Studio Solution File, Format Version 12.00
# Visual Studio 15
VisualStudioVersion = 15.0.26430.14
MinimumVisualStudioVersion = 10.0.40219.1
Project("{FAE04EC0-301F-11D3-BF4B-00C04F79EFBC}") = "arrays", "csharp\arrays.csproj", "{FB8858A3-BFC9-4DD8-8F3A-CF3A02C807D3}"
EndProject
Project("{FAE04EC0-301F-11D3-BF4B-00C04F79EFBC}") = "list", "list\list.csproj", "{7DA4652A-7056-465D-A930-40504FD6463E}"
EndProject
Project("{FAE04EC0-301F-11D3-BF4B-00C04F79EFBC}") = "dictionary", "dictionary\dictionary.csproj", "{9FA1F901-C689-46AC-8FAD-145A5A590E77}"
EndProject
Project("{FAE04EC0-301F-11D3-BF4B-00C04F79EFBC}") = "attribute", "attribute\attribute.csproj", "{3ED9541D-EA03-4684-918E-A9957E3F6678}"
EndProject
Project("{FAE04EC0-301F-11D3-BF4B-00C04F79EFBC}") = "yield", "yield\yield.csproj", "{FEFC2808-7DBB-46BF-BBA9-ABC6B3C57EE5}"
EndProject
Project("{FAE04EC0-301F-11D3-BF4B-00C04F79EFBC}") = "explicit_keyword", "explicit_keyword\explicit_keyword.csproj", "{FF643C82-C750-438A-BB85-49727ACC1E2B}"
EndProject
Global
	GlobalSection(SolutionConfigurationPlatforms) = preSolution
		Debug|Any CPU = Debug|Any CPU
		Release|Any CPU = Release|Any CPU
	EndGlobalSection
	GlobalSection(ProjectConfigurationPlatforms) = postSolution
		{FB8858A3-BFC9-4DD8-8F3A-CF3A02C807D3}.Debug|Any CPU.ActiveCfg = Debug|Any CPU
		{FB8858A3-BFC9-4DD8-8F3A-CF3A02C807D3}.Debug|Any CPU.Build.0 = Debug|Any CPU
		{FB8858A3-BFC9-4DD8-8F3A-CF3A02C807D3}.Release|Any CPU.ActiveCfg = Release|Any CPU
		{FB8858A3-BFC9-4DD8-8F3A-CF3A02C807D3}.Release|Any CPU.Build.0 = Release|Any CPU
		{7DA4652A-7056-465D-A930-40504FD6463E}.Debug|Any CPU.ActiveCfg = Debug|Any CPU
		{7DA4652A-7056-465D-A930-40504FD6463E}.Debug|Any CPU.Build.0 = Debug|Any CPU
		{7DA4652A-7056-465D-A930-40504FD6463E}.Release|Any CPU.ActiveCfg = Release|Any CPU
		{7DA4652A-7056-465D-A930-40504FD6463E}.Release|Any CPU.Build.0 = Release|Any CPU
		{9FA1F901-C689-46AC-8FAD-145A5A590E77}.Debug|Any CPU.ActiveCfg = Debug|Any CPU
		{9FA1F901-C689-46AC-8FAD-145A5A590E77}.Debug|Any CPU.Build.0 = Debug|Any CPU
		{9FA1F901-C689-46AC-8FAD-145A5A590E77}.Release|Any CPU.ActiveCfg = Release|Any CPU
		{9FA1F901-C689-46AC-8FAD-145A5A590E77}.Release|Any CPU.Build.0 = Release|Any CPU
		{3ED9541D-EA03-4684-918E-A9957E3F6678}.Debug|Any CPU.ActiveCfg = Debug|Any CPU
		{3ED9541D-EA03-4684-918E-A9957E3F6678}.Debug|Any CPU.Build.0 = Debug|Any CPU
		{3ED9541D-EA03-4684-918E-A9957E3F6678}.Release|Any CPU.ActiveCfg = Release|Any CPU
		{3ED9541D-EA03-4684-918E-A9957E3F6678}.Release|Any CPU.Build.0 = Release|Any CPU
		{FEFC2808-7DBB-46BF-BBA9-ABC6B3C57EE5}.Debug|Any CPU.ActiveCfg = Debug|Any CPU
		{FEFC2808-7DBB-46BF-BBA9-ABC6B3C57EE5}.Debug|Any CPU.Build.0 = Debug|Any CPU
		{FEFC2808-7DBB-46BF-BBA9-ABC6B3C57EE5}.Release|Any CPU.ActiveCfg = Release|Any CPU
		{FEFC2808-7DBB-46BF-BBA9-ABC6B3C57EE5}.Release|Any CPU.Build.0 = Release|Any CPU
		{FF643C82-C750-438A-BB85-49727ACC1E2B}.Debug|Any CPU.ActiveCfg = Debug|Any CPU
		{FF643C82-C750-438A-BB85-49727ACC1E2B}.Debug|Any CPU.Build.0 = Debug|Any CPU
		{FF643C82-C750-438A-BB85-49727ACC1E2B}.Release|Any CPU.ActiveCfg = Release|Any CPU
		{FF643C82-C750-438A-BB85-49727ACC1E2B}.Release|Any CPU.Build.0 = Release|Any CPU
	EndGlobalSection
	GlobalSection(SolutionProperties) = preSolution
		HideSolutionNode = FALSE
	EndGlobalSection
EndGlobal
